// !$*UTF8*$!
{
	archiveVersion = 1;
	classes = {
	};
	objectVersion = 46;
	objects = {

/* Begin PBXBuildFile section */
		55147EB01B2888810064D8DE /* SDL2.framework in Frameworks */ = {isa = PBXBuildFile; fileRef = 55147EAF1B2888810064D8DE /* SDL2.framework */; };
		55147EB91B288AF30064D8DE /* main.cpp in Sources */ = {isa = PBXBuildFile; fileRef = 55147EB71B288AF30064D8DE /* main.cpp */; };
		55147EBC1B288B320064D8DE /* Tetreex.h in Sources */ = {isa = PBXBuildFile; fileRef = 55147EBB1B288B320064D8DE /* Tetreex.h */; };
		55202A8C1B765F58002DF0A3 /* SplashScreen.cpp in Sources */ = {isa = PBXBuildFile; fileRef = 55202A8B1B765F58002DF0A3 /* SplashScreen.cpp */; };
		55202A8E1B766B5F002DF0A3 /* SDL2_image.framework in Frameworks */ = {isa = PBXBuildFile; fileRef = 55202A8D1B766B5F002DF0A3 /* SDL2_image.framework */; };
		5568D2061B3A92AA000AB1F8 /* AudioDevice.cpp in Sources */ = {isa = PBXBuildFile; fileRef = 5568D2021B3A92AA000AB1F8 /* AudioDevice.cpp */; };
		5568D2071B3A92AA000AB1F8 /* Game.cpp in Sources */ = {isa = PBXBuildFile; fileRef = 5568D2031B3A92AA000AB1F8 /* Game.cpp */; };
		5568D2081B3A92AA000AB1F8 /* PixelBuffer.cpp in Sources */ = {isa = PBXBuildFile; fileRef = 5568D2051B3A92AA000AB1F8 /* PixelBuffer.cpp */; };
		5568D20C1B3A95A5000AB1F8 /* Board.cpp in Sources */ = {isa = PBXBuildFile; fileRef = 5568D20A1B3A95A5000AB1F8 /* Board.cpp */; };
		5568D20E1B3A9646000AB1F8 /* Application.cpp in Sources */ = {isa = PBXBuildFile; fileRef = 5568D20D1B3A9646000AB1F8 /* Application.cpp */; };
		5568D2101B3AA706000AB1F8 /* Tetromino.cpp in Sources */ = {isa = PBXBuildFile; fileRef = 5568D20F1B3AA706000AB1F8 /* Tetromino.cpp */; };
		55E2A24C1B2B2174009F3466 /* canvas.h in Sources */ = {isa = PBXBuildFile; fileRef = 55E2A24B1B2B2174009F3466 /* canvas.h */; };
		55E34EA71B36E02F0036BCA2 /* SDL2_mixer.framework in Frameworks */ = {isa = PBXBuildFile; fileRef = 55E34EA61B36E02F0036BCA2 /* SDL2_mixer.framework */; };
/* End PBXBuildFile section */

/* Begin PBXCopyFilesBuildPhase section */
		55147EA31B2887220064D8DE /* CopyFiles */ = {
			isa = PBXCopyFilesBuildPhase;
			buildActionMask = 2147483647;
			dstPath = /usr/share/man/man1;
			dstSubfolderSpec = 0;
			files = (
			);
			runOnlyForDeploymentPostprocessing = 1;
		};
/* End PBXCopyFilesBuildPhase section */

/* Begin PBXFileReference section */
		55147EA51B2887220064D8DE /* Tetreex */ = {isa = PBXFileReference; explicitFileType = "compiled.mach-o.executable"; includeInIndex = 0; path = Tetreex; sourceTree = BUILT_PRODUCTS_DIR; };
		55147EAF1B2888810064D8DE /* SDL2.framework */ = {isa = PBXFileReference; lastKnownFileType = wrapper.framework; name = SDL2.framework; path = ../../../../../Library/Frameworks/SDL2.framework; sourceTree = "<group>"; };
		55147EB11B2889240064D8DE /* inc */ = {isa = PBXFileReference; lastKnownFileType = folder; name = inc; path = ../inc; sourceTree = "<group>"; };
		55147EB21B28892C0064D8DE /* src */ = {isa = PBXFileReference; lastKnownFileType = folder; name = src; path = ../src; sourceTree = "<group>"; };
		55147EB71B288AF30064D8DE /* main.cpp */ = {isa = PBXFileReference; lastKnownFileType = sourcecode.cpp.cpp; name = main.cpp; path = ../src/main.cpp; sourceTree = "<group>"; };
		55147EBB1B288B320064D8DE /* Tetreex.h */ = {isa = PBXFileReference; lastKnownFileType = sourcecode.c.h; name = Tetreex.h; path = ../inc/Tetreex.h; sourceTree = "<group>"; };
		55202A8B1B765F58002DF0A3 /* SplashScreen.cpp */ = {isa = PBXFileReference; lastKnownFileType = sourcecode.cpp.cpp; name = SplashScreen.cpp; path = ../src/SplashScreen.cpp; sourceTree = "<group>"; };
		55202A8D1B766B5F002DF0A3 /* SDL2_image.framework */ = {isa = PBXFileReference; lastKnownFileType = wrapper.framework; name = SDL2_image.framework; path = ../../../../../Library/Frameworks/SDL2_image.framework; sourceTree = "<group>"; };
		554C3A621B288C26003F7D41 /* matrix */ = {isa = PBXFileReference; lastKnownFileType = folder; name = matrix; path = ../matrix; sourceTree = "<group>"; };
		5568D2021B3A92AA000AB1F8 /* AudioDevice.cpp */ = {isa = PBXFileReference; lastKnownFileType = sourcecode.cpp.cpp; name = AudioDevice.cpp; path = ../src/AudioDevice.cpp; sourceTree = "<group>"; };
		5568D2031B3A92AA000AB1F8 /* Game.cpp */ = {isa = PBXFileReference; lastKnownFileType = sourcecode.cpp.cpp; name = Game.cpp; path = ../src/Game.cpp; sourceTree = "<group>"; };
		5568D2041B3A92AA000AB1F8 /* main.cpp */ = {isa = PBXFileReference; lastKnownFileType = sourcecode.cpp.cpp; name = main.cpp; path = ../src/main.cpp; sourceTree = "<group>"; };
		5568D2051B3A92AA000AB1F8 /* PixelBuffer.cpp */ = {isa = PBXFileReference; lastKnownFileType = sourcecode.cpp.cpp; name = PixelBuffer.cpp; path = ../src/PixelBuffer.cpp; sourceTree = "<group>"; };
		5568D20A1B3A95A5000AB1F8 /* Board.cpp */ = {isa = PBXFileReference; lastKnownFileType = sourcecode.cpp.cpp; name = Board.cpp; path = ../src/Board.cpp; sourceTree = "<group>"; };
		5568D20D1B3A9646000AB1F8 /* Application.cpp */ = {isa = PBXFileReference; lastKnownFileType = sourcecode.cpp.cpp; name = Application.cpp; path = ../src/Application.cpp; sourceTree = "<group>"; };
		5568D20F1B3AA706000AB1F8 /* Tetromino.cpp */ = {isa = PBXFileReference; lastKnownFileType = sourcecode.cpp.cpp; name = Tetromino.cpp; path = ../src/Tetromino.cpp; sourceTree = "<group>"; };
		55E2A24B1B2B2174009F3466 /* canvas.h */ = {isa = PBXFileReference; lastKnownFileType = sourcecode.c.h; name = canvas.h; path = ../matrix/include/canvas.h; sourceTree = "<group>"; };
		55E34EA61B36E02F0036BCA2 /* SDL2_mixer.framework */ = {isa = PBXFileReference; lastKnownFileType = wrapper.framework; name = SDL2_mixer.framework; path = ../../../../../Library/Frameworks/SDL2_mixer.framework; sourceTree = "<group>"; };
/* End PBXFileReference section */

/* Begin PBXFrameworksBuildPhase section */
		55147EA21B2887220064D8DE /* Frameworks */ = {
			isa = PBXFrameworksBuildPhase;
			buildActionMask = 2147483647;
			files = (
				55202A8E1B766B5F002DF0A3 /* SDL2_image.framework in Frameworks */,
				55E34EA71B36E02F0036BCA2 /* SDL2_mixer.framework in Frameworks */,
				55147EB01B2888810064D8DE /* SDL2.framework in Frameworks */,
			);
			runOnlyForDeploymentPostprocessing = 0;
		};
/* End PBXFrameworksBuildPhase section */

/* Begin PBXGroup section */
		55147E9C1B2887220064D8DE = {
			isa = PBXGroup;
			children = (
				55202A8D1B766B5F002DF0A3 /* SDL2_image.framework */,
				55202A8B1B765F58002DF0A3 /* SplashScreen.cpp */,
				5568D20F1B3AA706000AB1F8 /* Tetromino.cpp */,
				5568D20D1B3A9646000AB1F8 /* Application.cpp */,
				5568D20A1B3A95A5000AB1F8 /* Board.cpp */,
				5568D2021B3A92AA000AB1F8 /* AudioDevice.cpp */,
				5568D2031B3A92AA000AB1F8 /* Game.cpp */,
				5568D2041B3A92AA000AB1F8 /* main.cpp */,
				5568D2051B3A92AA000AB1F8 /* PixelBuffer.cpp */,
				55E34EA61B36E02F0036BCA2 /* SDL2_mixer.framework */,
				55E2A24B1B2B2174009F3466 /* canvas.h */,
				554C3A621B288C26003F7D41 /* matrix */,
				55147EBB1B288B320064D8DE /* Tetreex.h */,
				55147EB71B288AF30064D8DE /* main.cpp */,
				55147EB21B28892C0064D8DE /* src */,
				55147EB11B2889240064D8DE /* inc */,
				55147EAF1B2888810064D8DE /* SDL2.framework */,
				55147EA61B2887220064D8DE /* Products */,
			);
			sourceTree = "<group>";
		};
		55147EA61B2887220064D8DE /* Products */ = {
			isa = PBXGroup;
			children = (
				55147EA51B2887220064D8DE /* Tetreex */,
			);
			name = Products;
			sourceTree = "<group>";
		};
/* End PBXGroup section */

/* Begin PBXNativeTarget section */
		55147EA41B2887220064D8DE /* Tetreex */ = {
			isa = PBXNativeTarget;
			buildConfigurationList = 55147EAC1B2887220064D8DE /* Build configuration list for PBXNativeTarget "Tetreex" */;
			buildPhases = (
				55147EA11B2887220064D8DE /* Sources */,
				55147EA21B2887220064D8DE /* Frameworks */,
				55147EA31B2887220064D8DE /* CopyFiles */,
			);
			buildRules = (
			);
			dependencies = (
			);
			name = Tetreex;
			productName = Tetreex;
			productReference = 55147EA51B2887220064D8DE /* Tetreex */;
			productType = "com.apple.product-type.tool";
		};
/* End PBXNativeTarget section */

/* Begin PBXProject section */
		55147E9D1B2887220064D8DE /* Project object */ = {
			isa = PBXProject;
			attributes = {
				LastUpgradeCheck = 0630;
				ORGANIZATIONNAME = "Ben Goh";
				TargetAttributes = {
					55147EA41B2887220064D8DE = {
						CreatedOnToolsVersion = 6.3.2;
					};
				};
			};
			buildConfigurationList = 55147EA01B2887220064D8DE /* Build configuration list for PBXProject "Tetreex" */;
			compatibilityVersion = "Xcode 3.2";
			developmentRegion = English;
			hasScannedForEncodings = 0;
			knownRegions = (
				en,
			);
			mainGroup = 55147E9C1B2887220064D8DE;
			productRefGroup = 55147EA61B2887220064D8DE /* Products */;
			projectDirPath = "";
			projectRoot = "";
			targets = (
				55147EA41B2887220064D8DE /* Tetreex */,
			);
		};
/* End PBXProject section */

/* Begin PBXSourcesBuildPhase section */
		55147EA11B2887220064D8DE /* Sources */ = {
			isa = PBXSourcesBuildPhase;
			buildActionMask = 2147483647;
			files = (
				55202A8C1B765F58002DF0A3 /* SplashScreen.cpp in Sources */,
				5568D2101B3AA706000AB1F8 /* Tetromino.cpp in Sources */,
				5568D20E1B3A9646000AB1F8 /* Application.cpp in Sources */,
				5568D20C1B3A95A5000AB1F8 /* Board.cpp in Sources */,
				5568D2061B3A92AA000AB1F8 /* AudioDevice.cpp in Sources */,
				5568D2071B3A92AA000AB1F8 /* Game.cpp in Sources */,
				55147EB91B288AF30064D8DE /* main.cpp in Sources */,
				5568D2081B3A92AA000AB1F8 /* PixelBuffer.cpp in Sources */,
				55E2A24C1B2B2174009F3466 /* canvas.h in Sources */,
				55147EBC1B288B320064D8DE /* Tetreex.h in Sources */,
			);
			runOnlyForDeploymentPostprocessing = 0;
		};
/* End PBXSourcesBuildPhase section */

/* Begin XCBuildConfiguration section */
		55147EAA1B2887220064D8DE /* Debug */ = {
			isa = XCBuildConfiguration;
			buildSettings = {
				ALWAYS_SEARCH_USER_PATHS = NO;
				CLANG_CXX_LANGUAGE_STANDARD = "gnu++0x";
				CLANG_CXX_LIBRARY = "libc++";
				CLANG_ENABLE_MODULES = YES;
				CLANG_ENABLE_OBJC_ARC = YES;
				CLANG_WARN_BOOL_CONVERSION = YES;
				CLANG_WARN_CONSTANT_CONVERSION = YES;
				CLANG_WARN_DIRECT_OBJC_ISA_USAGE = YES_ERROR;
				CLANG_WARN_EMPTY_BODY = YES;
				CLANG_WARN_ENUM_CONVERSION = YES;
				CLANG_WARN_INT_CONVERSION = YES;
				CLANG_WARN_OBJC_ROOT_CLASS = YES_ERROR;
				CLANG_WARN_UNREACHABLE_CODE = YES;
				CLANG_WARN__DUPLICATE_METHOD_MATCH = YES;
				COPY_PHASE_STRIP = NO;
				DEBUG_INFORMATION_FORMAT = dwarf;
				ENABLE_STRICT_OBJC_MSGSEND = YES;
				GCC_C_LANGUAGE_STANDARD = gnu99;
				GCC_DYNAMIC_NO_PIC = NO;
				GCC_NO_COMMON_BLOCKS = YES;
				GCC_OPTIMIZATION_LEVEL = 0;
				GCC_PREPROCESSOR_DEFINITIONS = (
					"DEBUG=1",
					"$(inherited)",
				);
				GCC_SYMBOLS_PRIVATE_EXTERN = NO;
				GCC_WARN_64_TO_32_BIT_CONVERSION = YES;
				GCC_WARN_ABOUT_RETURN_TYPE = YES_ERROR;
				GCC_WARN_UNDECLARED_SELECTOR = YES;
				GCC_WARN_UNINITIALIZED_AUTOS = YES_AGGRESSIVE;
				GCC_WARN_UNUSED_FUNCTION = YES;
				GCC_WARN_UNUSED_VARIABLE = YES;
				MACOSX_DEPLOYMENT_TARGET = 10.10;
				MTL_ENABLE_DEBUG_INFO = YES;
				ONLY_ACTIVE_ARCH = YES;
				SDKROOT = macosx;
			};
			name = Debug;
		};
		55147EAB1B2887220064D8DE /* Release */ = {
			isa = XCBuildConfiguration;
			buildSettings = {
				ALWAYS_SEARCH_USER_PATHS = NO;
				CLANG_CXX_LANGUAGE_STANDARD = "gnu++0x";
				CLANG_CXX_LIBRARY = "libc++";
				CLANG_ENABLE_MODULES = YES;
				CLANG_ENABLE_OBJC_ARC = YES;
				CLANG_WARN_BOOL_CONVERSION = YES;
				CLANG_WARN_CONSTANT_CONVERSION = YES;
				CLANG_WARN_DIRECT_OBJC_ISA_USAGE = YES_ERROR;
				CLANG_WARN_EMPTY_BODY = YES;
				CLANG_WARN_ENUM_CONVERSION = YES;
				CLANG_WARN_INT_CONVERSION = YES;
				CLANG_WARN_OBJC_ROOT_CLASS = YES_ERROR;
				CLANG_WARN_UNREACHABLE_CODE = YES;
				CLANG_WARN__DUPLICATE_METHOD_MATCH = YES;
				COPY_PHASE_STRIP = NO;
				DEBUG_INFORMATION_FORMAT = "dwarf-with-dsym";
				ENABLE_NS_ASSERTIONS = NO;
				ENABLE_STRICT_OBJC_MSGSEND = YES;
				GCC_C_LANGUAGE_STANDARD = gnu99;
				GCC_NO_COMMON_BLOCKS = YES;
				GCC_WARN_64_TO_32_BIT_CONVERSION = YES;
				GCC_WARN_ABOUT_RETURN_TYPE = YES_ERROR;
				GCC_WARN_UNDECLARED_SELECTOR = YES;
				GCC_WARN_UNINITIALIZED_AUTOS = YES_AGGRESSIVE;
				GCC_WARN_UNUSED_FUNCTION = YES;
				GCC_WARN_UNUSED_VARIABLE = YES;
				MACOSX_DEPLOYMENT_TARGET = 10.10;
				MTL_ENABLE_DEBUG_INFO = NO;
				SDKROOT = macosx;
			};
			name = Release;
		};
		55147EAD1B2887220064D8DE /* Debug */ = {
			isa = XCBuildConfiguration;
			buildSettings = {
				FRAMEWORK_SEARCH_PATHS = (
					"$(inherited)",
					"$(LOCAL_LIBRARY_DIR)/Frameworks",
				);
				GCC_PREPROCESSOR_DEFINITIONS = (
					"DEBUG=1",
					USE_SDL_RENDERER,
				);
				PRODUCT_NAME = "$(TARGET_NAME)";
			};
			name = Debug;
		};
		55147EAE1B2887220064D8DE /* Release */ = {
			isa = XCBuildConfiguration;
			buildSettings = {
				FRAMEWORK_SEARCH_PATHS = (
					"$(inherited)",
					"$(LOCAL_LIBRARY_DIR)/Frameworks",
				);
				GCC_PREPROCESSOR_DEFINITIONS = USE_SDL_RENDERER;
				PRODUCT_NAME = "$(TARGET_NAME)";
			};
			name = Release;
		};
/* End XCBuildConfiguration section */

/* Begin XCConfigurationList section */
		55147EA01B2887220064D8DE /* Build configuration list for PBXProject "Tetreex" */ = {
			isa = XCConfigurationList;
			buildConfigurations = (
				55147EAA1B2887220064D8DE /* Debug */,
				55147EAB1B2887220064D8DE /* Release */,
			);
			defaultConfigurationIsVisible = 0;
			defaultConfigurationName = Release;
		};
		55147EAC1B2887220064D8DE /* Build configuration list for PBXNativeTarget "Tetreex" */ = {
			isa = XCConfigurationList;
			buildConfigurations = (
				55147EAD1B2887220064D8DE /* Debug */,
				55147EAE1B2887220064D8DE /* Release */,
			);
			defaultConfigurationIsVisible = 0;
			defaultConfigurationName = Release;
		};
/* End XCConfigurationList section */
	};
	rootObject = 55147E9D1B2887220064D8DE /* Project object */;
}
